
Microsoft Visual Studio Solution File, Format Version 12.00
# Visual Studio 15
VisualStudioVersion = 15.0.27130.2020
MinimumVisualStudioVersion = 10.0.40219.1
Project("{FAE04EC0-301F-11D3-BF4B-00C04F79EFBC}") = "OsuParser", "OsuParser\OsuParser.csproj", "{36D01271-F554-4193-A821-FBE2311C8A13}"
EndProject
Global
	GlobalSection(SolutionConfigurationPlatforms) = preSolution
		Debug|Any CPU = Debug|Any CPU
		Release|Any CPU = Release|Any CPU
	EndGlobalSection
	GlobalSection(ProjectConfigurationPlatforms) = postSolution
		{36D01271-F554-4193-A821-FBE2311C8A13}.Debug|Any CPU.ActiveCfg = Debug|Any CPU
		{36D01271-F554-4193-A821-FBE2311C8A13}.Debug|Any CPU.Build.0 = Debug|Any CPU
		{36D01271-F554-4193-A821-FBE2311C8A13}.Release|Any CPU.ActiveCfg = Debug|Any CPU
		{36D01271-F554-4193-A821-FBE2311C8A13}.Release|Any CPU.Build.0 = Debug|Any CPU
	EndGlobalSection
	GlobalSection(SolutionProperties) = preSolution
		HideSolutionNode = FALSE
	EndGlobalSection
	GlobalSection(ExtensibilityGlobals) = postSolution
		SolutionGuid = {A14674B8-4CBA-4DDD-934D-5872DBB6523F}
	EndGlobalSection
EndGlobal
